
Microsoft Visual Studio Solution File, Format Version 12.00
# Visual Studio Version 17
VisualStudioVersion = 17.10.35013.160
MinimumVisualStudioVersion = 10.0.40219.1
Project("{FAE04EC0-301F-11D3-BF4B-00C04F79EFBC}") = "ProtocolServer.Console", "ProtocolServer.Console\ProtocolServer.Console.csproj", "{919B832B-EAD5-4AF7-8AE9-FFECBD608A84}"
EndProject
Project("{FAE04EC0-301F-11D3-BF4B-00C04F79EFBC}") = "ProtocolServer.Logging", "ProtocolServer.Logging\ProtocolServer.Logging.csproj", "{4E4CA463-0D90-41BE-92B0-E5597EBA9DF3}"
EndProject
Global
	GlobalSection(SolutionConfigurationPlatforms) = preSolution
		Debug|Any CPU = Debug|Any CPU
		Release|Any CPU = Release|Any CPU
	EndGlobalSection
	GlobalSection(ProjectConfigurationPlatforms) = postSolution
		{919B832B-EAD5-4AF7-8AE9-FFECBD608A84}.Debug|Any CPU.ActiveCfg = Debug|Any CPU
		{919B832B-EAD5-4AF7-8AE9-FFECBD608A84}.Debug|Any CPU.Build.0 = Debug|Any CPU
		{919B832B-EAD5-4AF7-8AE9-FFECBD608A84}.Release|Any CPU.ActiveCfg = Release|Any CPU
		{919B832B-EAD5-4AF7-8AE9-FFECBD608A84}.Release|Any CPU.Build.0 = Release|Any CPU
		{4E4CA463-0D90-41BE-92B0-E5597EBA9DF3}.Debug|Any CPU.ActiveCfg = Debug|Any CPU
		{4E4CA463-0D90-41BE-92B0-E5597EBA9DF3}.Debug|Any CPU.Build.0 = Debug|Any CPU
		{4E4CA463-0D90-41BE-92B0-E5597EBA9DF3}.Release|Any CPU.ActiveCfg = Release|Any CPU
		{4E4CA463-0D90-41BE-92B0-E5597EBA9DF3}.Release|Any CPU.Build.0 = Release|Any CPU
	EndGlobalSection
	GlobalSection(SolutionProperties) = preSolution
		HideSolutionNode = FALSE
	EndGlobalSection
	GlobalSection(ExtensibilityGlobals) = postSolution
		SolutionGuid = {793180AF-6922-44B7-BBDE-720F5805EF3C}
	EndGlobalSection
EndGlobal
